// !$*UTF8*$!
{
	archiveVersion = 1;
	classes = {
	};
	objectVersion = 56;
	objects = {

/* Begin PBXBuildFile section */
		F23C00792C4EFDCB001CC24C /* ComposableArchitecture in Frameworks */ = {isa = PBXBuildFile; productRef = F23C00782C4EFDCB001CC24C /* ComposableArchitecture */; };
		F23C007C2C4EFE22001CC24C /* TimerFeature in Frameworks */ = {isa = PBXBuildFile; productRef = F23C007B2C4EFE22001CC24C /* TimerFeature */; };
		F242BE352C4B091F007CDFAF /* ShakeEffect.swift in Sources */ = {isa = PBXBuildFile; fileRef = F242BE342C4B091F007CDFAF /* ShakeEffect.swift */; };
		F25F05E22C47174700BCC65F /* AppDelegate.swift in Sources */ = {isa = PBXBuildFile; fileRef = F25F05E12C47174700BCC65F /* AppDelegate.swift */; };
		F25F05E62C47174800BCC65F /* Assets.xcassets in Resources */ = {isa = PBXBuildFile; fileRef = F25F05E52C47174800BCC65F /* Assets.xcassets */; };
		F25F05F82C471D6E00BCC65F /* main.swift in Sources */ = {isa = PBXBuildFile; fileRef = F25F05F72C471D6E00BCC65F /* main.swift */; };
/* End PBXBuildFile section */

/* Begin PBXFileReference section */
		F227E1F42C4EDB7F001BB460 /* RadTimer */ = {isa = PBXFileReference; lastKnownFileType = wrapper; name = RadTimer; path = ..; sourceTree = "<group>"; };
		F242BE342C4B091F007CDFAF /* ShakeEffect.swift */ = {isa = PBXFileReference; lastKnownFileType = sourcecode.swift; path = ShakeEffect.swift; sourceTree = "<group>"; };
		F25F05DE2C47174700BCC65F /* HelloMenuBar.app */ = {isa = PBXFileReference; explicitFileType = wrapper.application; includeInIndex = 0; path = HelloMenuBar.app; sourceTree = BUILT_PRODUCTS_DIR; };
		F25F05E12C47174700BCC65F /* AppDelegate.swift */ = {isa = PBXFileReference; lastKnownFileType = sourcecode.swift; path = AppDelegate.swift; sourceTree = "<group>"; };
		F25F05E52C47174800BCC65F /* Assets.xcassets */ = {isa = PBXFileReference; lastKnownFileType = folder.assetcatalog; path = Assets.xcassets; sourceTree = "<group>"; };
		F25F05EA2C47174800BCC65F /* HelloMenuBar.entitlements */ = {isa = PBXFileReference; lastKnownFileType = text.plist.entitlements; path = HelloMenuBar.entitlements; sourceTree = "<group>"; };
		F25F05F72C471D6E00BCC65F /* main.swift */ = {isa = PBXFileReference; lastKnownFileType = sourcecode.swift; path = main.swift; sourceTree = "<group>"; };
/* End PBXFileReference section */

/* Begin PBXFrameworksBuildPhase section */
		F25F05DB2C47174700BCC65F /* Frameworks */ = {
			isa = PBXFrameworksBuildPhase;
			buildActionMask = 2147483647;
			files = (
				F23C00792C4EFDCB001CC24C /* ComposableArchitecture in Frameworks */,
				F23C007C2C4EFE22001CC24C /* TimerFeature in Frameworks */,
			);
			runOnlyForDeploymentPostprocessing = 0;
		};
/* End PBXFrameworksBuildPhase section */

/* Begin PBXGroup section */
		F23C007A2C4EFE22001CC24C /* Frameworks */ = {
			isa = PBXGroup;
			children = (
			);
			name = Frameworks;
			sourceTree = "<group>";
		};
		F25F05D52C47174700BCC65F = {
			isa = PBXGroup;
			children = (
				F227E1F42C4EDB7F001BB460 /* RadTimer */,
				F25F05E02C47174700BCC65F /* HelloMenuBar */,
				F25F05DF2C47174700BCC65F /* Products */,
				F23C007A2C4EFE22001CC24C /* Frameworks */,
			);
			sourceTree = "<group>";
		};
		F25F05DF2C47174700BCC65F /* Products */ = {
			isa = PBXGroup;
			children = (
				F25F05DE2C47174700BCC65F /* HelloMenuBar.app */,
			);
			name = Products;
			sourceTree = "<group>";
		};
		F25F05E02C47174700BCC65F /* HelloMenuBar */ = {
			isa = PBXGroup;
			children = (
				F242BE342C4B091F007CDFAF /* ShakeEffect.swift */,
				F25F05F72C471D6E00BCC65F /* main.swift */,
				F25F05E12C47174700BCC65F /* AppDelegate.swift */,
				F25F05E52C47174800BCC65F /* Assets.xcassets */,
				F25F05EA2C47174800BCC65F /* HelloMenuBar.entitlements */,
			);
			path = HelloMenuBar;
			sourceTree = "<group>";
		};
/* End PBXGroup section */

/* Begin PBXNativeTarget section */
		F25F05DD2C47174700BCC65F /* HelloMenuBar */ = {
			isa = PBXNativeTarget;
			buildConfigurationList = F25F05ED2C47174800BCC65F /* Build configuration list for PBXNativeTarget "HelloMenuBar" */;
			buildPhases = (
				F25F05DA2C47174700BCC65F /* Sources */,
				F25F05DB2C47174700BCC65F /* Frameworks */,
				F25F05DC2C47174700BCC65F /* Resources */,
			);
			buildRules = (
			);
			dependencies = (
			);
			name = HelloMenuBar;
			packageProductDependencies = (
				F23C00782C4EFDCB001CC24C /* ComposableArchitecture */,
				F23C007B2C4EFE22001CC24C /* TimerFeature */,
			);
			productName = HelloMenuBar;
			productReference = F25F05DE2C47174700BCC65F /* HelloMenuBar.app */;
			productType = "com.apple.product-type.application";
		};
/* End PBXNativeTarget section */

/* Begin PBXProject section */
		F25F05D62C47174700BCC65F /* Project object */ = {
			isa = PBXProject;
			attributes = {
				BuildIndependentTargetsInParallel = 1;
				LastSwiftUpdateCheck = 1540;
				LastUpgradeCheck = 1540;
				TargetAttributes = {
					F25F05DD2C47174700BCC65F = {
						CreatedOnToolsVersion = 15.4;
					};
				};
			};
			buildConfigurationList = F25F05D92C47174700BCC65F /* Build configuration list for PBXProject "HelloMenuBar" */;
			compatibilityVersion = "Xcode 14.0";
			developmentRegion = en;
			hasScannedForEncodings = 0;
			knownRegions = (
				en,
				Base,
			);
			mainGroup = F25F05D52C47174700BCC65F;
			packageReferences = (
				F23C00772C4EFDCB001CC24C /* XCRemoteSwiftPackageReference "swift-composable-architecture" */,
			);
			productRefGroup = F25F05DF2C47174700BCC65F /* Products */;
			projectDirPath = "";
			projectRoot = "";
			targets = (
				F25F05DD2C47174700BCC65F /* HelloMenuBar */,
			);
		};
/* End PBXProject section */

/* Begin PBXResourcesBuildPhase section */
		F25F05DC2C47174700BCC65F /* Resources */ = {
			isa = PBXResourcesBuildPhase;
			buildActionMask = 2147483647;
			files = (
				F25F05E62C47174800BCC65F /* Assets.xcassets in Resources */,
			);
			runOnlyForDeploymentPostprocessing = 0;
		};
/* End PBXResourcesBuildPhase section */

/* Begin PBXSourcesBuildPhase section */
		F25F05DA2C47174700BCC65F /* Sources */ = {
			isa = PBXSourcesBuildPhase;
			buildActionMask = 2147483647;
			files = (
				F25F05F82C471D6E00BCC65F /* main.swift in Sources */,
				F242BE352C4B091F007CDFAF /* ShakeEffect.swift in Sources */,
				F25F05E22C47174700BCC65F /* AppDelegate.swift in Sources */,
			);
			runOnlyForDeploymentPostprocessing = 0;
		};
/* End PBXSourcesBuildPhase section */

/* Begin XCBuildConfiguration section */
		F25F05EB2C47174800BCC65F /* Debug */ = {
			isa = XCBuildConfiguration;
			buildSettings = {
				ALWAYS_SEARCH_USER_PATHS = NO;
				ASSETCATALOG_COMPILER_GENERATE_SWIFT_ASSET_SYMBOL_EXTENSIONS = YES;
				CLANG_ANALYZER_NONNULL = YES;
				CLANG_ANALYZER_NUMBER_OBJECT_CONVERSION = YES_AGGRESSIVE;
				CLANG_CXX_LANGUAGE_STANDARD = "gnu++20";
				CLANG_ENABLE_MODULES = YES;
				CLANG_ENABLE_OBJC_ARC = YES;
				CLANG_ENABLE_OBJC_WEAK = YES;
				CLANG_WARN_BLOCK_CAPTURE_AUTORELEASING = YES;
				CLANG_WARN_BOOL_CONVERSION = YES;
				CLANG_WARN_COMMA = YES;
				CLANG_WARN_CONSTANT_CONVERSION = YES;
				CLANG_WARN_DEPRECATED_OBJC_IMPLEMENTATIONS = YES;
				CLANG_WARN_DIRECT_OBJC_ISA_USAGE = YES_ERROR;
				CLANG_WARN_DOCUMENTATION_COMMENTS = YES;
				CLANG_WARN_EMPTY_BODY = YES;
				CLANG_WARN_ENUM_CONVERSION = YES;
				CLANG_WARN_INFINITE_RECURSION = YES;
				CLANG_WARN_INT_CONVERSION = YES;
				CLANG_WARN_NON_LITERAL_NULL_CONVERSION = YES;
				CLANG_WARN_OBJC_IMPLICIT_RETAIN_SELF = YES;
				CLANG_WARN_OBJC_LITERAL_CONVERSION = YES;
				CLANG_WARN_OBJC_ROOT_CLASS = YES_ERROR;
				CLANG_WARN_QUOTED_INCLUDE_IN_FRAMEWORK_HEADER = YES;
				CLANG_WARN_RANGE_LOOP_ANALYSIS = YES;
				CLANG_WARN_STRICT_PROTOTYPES = YES;
				CLANG_WARN_SUSPICIOUS_MOVE = YES;
				CLANG_WARN_UNGUARDED_AVAILABILITY = YES_AGGRESSIVE;
				CLANG_WARN_UNREACHABLE_CODE = YES;
				CLANG_WARN__DUPLICATE_METHOD_MATCH = YES;
				COPY_PHASE_STRIP = NO;
				DEBUG_INFORMATION_FORMAT = dwarf;
				ENABLE_STRICT_OBJC_MSGSEND = YES;
				ENABLE_TESTABILITY = YES;
				ENABLE_USER_SCRIPT_SANDBOXING = YES;
				GCC_C_LANGUAGE_STANDARD = gnu17;
				GCC_DYNAMIC_NO_PIC = NO;
				GCC_NO_COMMON_BLOCKS = YES;
				GCC_OPTIMIZATION_LEVEL = 0;
				GCC_PREPROCESSOR_DEFINITIONS = (
					"DEBUG=1",
					"$(inherited)",
				);
				GCC_WARN_64_TO_32_BIT_CONVERSION = YES;
				GCC_WARN_ABOUT_RETURN_TYPE = YES_ERROR;
				GCC_WARN_UNDECLARED_SELECTOR = YES;
				GCC_WARN_UNINITIALIZED_AUTOS = YES_AGGRESSIVE;
				GCC_WARN_UNUSED_FUNCTION = YES;
				GCC_WARN_UNUSED_VARIABLE = YES;
				LOCALIZATION_PREFERS_STRING_CATALOGS = YES;
				MACOSX_DEPLOYMENT_TARGET = 14.5;
				MTL_ENABLE_DEBUG_INFO = INCLUDE_SOURCE;
				MTL_FAST_MATH = YES;
				ONLY_ACTIVE_ARCH = YES;
				SDKROOT = macosx;
				SWIFT_ACTIVE_COMPILATION_CONDITIONS = "DEBUG $(inherited)";
				SWIFT_OPTIMIZATION_LEVEL = "-Onone";
			};
			name = Debug;
		};
		F25F05EC2C47174800BCC65F /* Release */ = {
			isa = XCBuildConfiguration;
			buildSettings = {
				ALWAYS_SEARCH_USER_PATHS = NO;
				ASSETCATALOG_COMPILER_GENERATE_SWIFT_ASSET_SYMBOL_EXTENSIONS = YES;
				CLANG_ANALYZER_NONNULL = YES;
				CLANG_ANALYZER_NUMBER_OBJECT_CONVERSION = YES_AGGRESSIVE;
				CLANG_CXX_LANGUAGE_STANDARD = "gnu++20";
				CLANG_ENABLE_MODULES = YES;
				CLANG_ENABLE_OBJC_ARC = YES;
				CLANG_ENABLE_OBJC_WEAK = YES;
				CLANG_WARN_BLOCK_CAPTURE_AUTORELEASING = YES;
				CLANG_WARN_BOOL_CONVERSION = YES;
				CLANG_WARN_COMMA = YES;
				CLANG_WARN_CONSTANT_CONVERSION = YES;
				CLANG_WARN_DEPRECATED_OBJC_IMPLEMENTATIONS = YES;
				CLANG_WARN_DIRECT_OBJC_ISA_USAGE = YES_ERROR;
				CLANG_WARN_DOCUMENTATION_COMMENTS = YES;
				CLANG_WARN_EMPTY_BODY = YES;
				CLANG_WARN_ENUM_CONVERSION = YES;
				CLANG_WARN_INFINITE_RECURSION = YES;
				CLANG_WARN_INT_CONVERSION = YES;
				CLANG_WARN_NON_LITERAL_NULL_CONVERSION = YES;
				CLANG_WARN_OBJC_IMPLICIT_RETAIN_SELF = YES;
				CLANG_WARN_OBJC_LITERAL_CONVERSION = YES;
				CLANG_WARN_OBJC_ROOT_CLASS = YES_ERROR;
				CLANG_WARN_QUOTED_INCLUDE_IN_FRAMEWORK_HEADER = YES;
				CLANG_WARN_RANGE_LOOP_ANALYSIS = YES;
				CLANG_WARN_STRICT_PROTOTYPES = YES;
				CLANG_WARN_SUSPICIOUS_MOVE = YES;
				CLANG_WARN_UNGUARDED_AVAILABILITY = YES_AGGRESSIVE;
				CLANG_WARN_UNREACHABLE_CODE = YES;
				CLANG_WARN__DUPLICATE_METHOD_MATCH = YES;
				COPY_PHASE_STRIP = NO;
				DEBUG_INFORMATION_FORMAT = "dwarf-with-dsym";
				ENABLE_NS_ASSERTIONS = NO;
				ENABLE_STRICT_OBJC_MSGSEND = YES;
				ENABLE_USER_SCRIPT_SANDBOXING = YES;
				GCC_C_LANGUAGE_STANDARD = gnu17;
				GCC_NO_COMMON_BLOCKS = YES;
				GCC_WARN_64_TO_32_BIT_CONVERSION = YES;
				GCC_WARN_ABOUT_RETURN_TYPE = YES_ERROR;
				GCC_WARN_UNDECLARED_SELECTOR = YES;
				GCC_WARN_UNINITIALIZED_AUTOS = YES_AGGRESSIVE;
				GCC_WARN_UNUSED_FUNCTION = YES;
				GCC_WARN_UNUSED_VARIABLE = YES;
				LOCALIZATION_PREFERS_STRING_CATALOGS = YES;
				MACOSX_DEPLOYMENT_TARGET = 14.5;
				MTL_ENABLE_DEBUG_INFO = NO;
				MTL_FAST_MATH = YES;
				SDKROOT = macosx;
				SWIFT_COMPILATION_MODE = wholemodule;
			};
			name = Release;
		};
		F25F05EE2C47174800BCC65F /* Debug */ = {
			isa = XCBuildConfiguration;
			buildSettings = {
				ASSETCATALOG_COMPILER_APPICON_NAME = AppIcon;
				ASSETCATALOG_COMPILER_GLOBAL_ACCENT_COLOR_NAME = AccentColor;
				CODE_SIGN_ENTITLEMENTS = HelloMenuBar/HelloMenuBar.entitlements;
				CODE_SIGN_STYLE = Automatic;
				COMBINE_HIDPI_IMAGES = YES;
				CURRENT_PROJECT_VERSION = 1;
				DEVELOPMENT_TEAM = WW59U84Z7X;
				ENABLE_HARDENED_RUNTIME = YES;
				GENERATE_INFOPLIST_FILE = YES;
				INFOPLIST_FILE = HelloMenuBar/Info.plist;
				INFOPLIST_KEY_LSApplicationCategoryType = "";
				INFOPLIST_KEY_LSUIElement = YES;
				INFOPLIST_KEY_NSHumanReadableCopyright = "";
				INFOPLIST_KEY_NSPrincipalClass = NSApplication;
				LD_RUNPATH_SEARCH_PATHS = (
					"$(inherited)",
					"@executable_path/../Frameworks",
				);
				MARKETING_VERSION = 1.0;
				PRODUCT_BUNDLE_IDENTIFIER = software.astere.HelloMenuBar;
				PRODUCT_NAME = "$(TARGET_NAME)";
				SWIFT_EMIT_LOC_STRINGS = YES;
				SWIFT_VERSION = 5.0;
			};
			name = Debug;
		};
		F25F05EF2C47174800BCC65F /* Release */ = {
			isa = XCBuildConfiguration;
			buildSettings = {
				ASSETCATALOG_COMPILER_APPICON_NAME = AppIcon;
				ASSETCATALOG_COMPILER_GLOBAL_ACCENT_COLOR_NAME = AccentColor;
				CODE_SIGN_ENTITLEMENTS = HelloMenuBar/HelloMenuBar.entitlements;
				CODE_SIGN_STYLE = Automatic;
				COMBINE_HIDPI_IMAGES = YES;
				CURRENT_PROJECT_VERSION = 1;
				DEVELOPMENT_TEAM = WW59U84Z7X;
				ENABLE_HARDENED_RUNTIME = YES;
				GENERATE_INFOPLIST_FILE = YES;
				INFOPLIST_FILE = HelloMenuBar/Info.plist;
				INFOPLIST_KEY_LSApplicationCategoryType = "";
				INFOPLIST_KEY_LSUIElement = YES;
				INFOPLIST_KEY_NSHumanReadableCopyright = "";
				INFOPLIST_KEY_NSPrincipalClass = NSApplication;
				LD_RUNPATH_SEARCH_PATHS = (
					"$(inherited)",
					"@executable_path/../Frameworks",
				);
				MARKETING_VERSION = 1.0;
				PRODUCT_BUNDLE_IDENTIFIER = software.astere.HelloMenuBar;
				PRODUCT_NAME = "$(TARGET_NAME)";
				SWIFT_EMIT_LOC_STRINGS = YES;
				SWIFT_VERSION = 5.0;
			};
			name = Release;
		};
/* End XCBuildConfiguration section */

/* Begin XCConfigurationList section */
		F25F05D92C47174700BCC65F /* Build configuration list for PBXProject "HelloMenuBar" */ = {
			isa = XCConfigurationList;
			buildConfigurations = (
				F25F05EB2C47174800BCC65F /* Debug */,
				F25F05EC2C47174800BCC65F /* Release */,
			);
			defaultConfigurationIsVisible = 0;
			defaultConfigurationName = Release;
		};
		F25F05ED2C47174800BCC65F /* Build configuration list for PBXNativeTarget "HelloMenuBar" */ = {
			isa = XCConfigurationList;
			buildConfigurations = (
				F25F05EE2C47174800BCC65F /* Debug */,
				F25F05EF2C47174800BCC65F /* Release */,
			);
			defaultConfigurationIsVisible = 0;
			defaultConfigurationName = Release;
		};
/* End XCConfigurationList section */

/* Begin XCRemoteSwiftPackageReference section */
		F23C00772C4EFDCB001CC24C /* XCRemoteSwiftPackageReference "swift-composable-architecture" */ = {
			isa = XCRemoteSwiftPackageReference;
			repositoryURL = "https://github.com/pointfreeco/swift-composable-architecture";
			requirement = {
				kind = upToNextMajorVersion;
				minimumVersion = 1.11.2;
			};
		};
/* End XCRemoteSwiftPackageReference section */

/* Begin XCSwiftPackageProductDependency section */
		F23C00782C4EFDCB001CC24C /* ComposableArchitecture */ = {
			isa = XCSwiftPackageProductDependency;
			package = F23C00772C4EFDCB001CC24C /* XCRemoteSwiftPackageReference "swift-composable-architecture" */;
			productName = ComposableArchitecture;
		};
		F23C007B2C4EFE22001CC24C /* TimerFeature */ = {
			isa = XCSwiftPackageProductDependency;
			productName = TimerFeature;
		};
/* End XCSwiftPackageProductDependency section */
	};
	rootObject = F25F05D62C47174700BCC65F /* Project object */;
}
